
Microsoft Visual Studio Solution File, Format Version 10.00
# Visual C++ Express 2008
Project("{8BC9CEB8-8B4A-11D0-8D11-00A0C91BC942}") = "sproutCplusplus", "sproutCplusplus.vcproj", "{2A85CFCF-49A7-47A8-9080-23F314ECD9E1}"
EndProject
Global
	GlobalSection(SolutionConfigurationPlatforms) = preSolution
		Debug|Win32 = Debug|Win32
		Release|Win32 = Release|Win32
	EndGlobalSection
	GlobalSection(ProjectConfigurationPlatforms) = postSolution
		{2A85CFCF-49A7-47A8-9080-23F314ECD9E1}.Debug|Win32.ActiveCfg = Debug|Win32
		{2A85CFCF-49A7-47A8-9080-23F314ECD9E1}.Debug|Win32.Build.0 = Debug|Win32
		{2A85CFCF-49A7-47A8-9080-23F314ECD9E1}.Release|Win32.ActiveCfg = Release|Win32
		{2A85CFCF-49A7-47A8-9080-23F314ECD9E1}.Release|Win32.Build.0 = Release|Win32
	EndGlobalSection
	GlobalSection(SolutionProperties) = preSolution
		HideSolutionNode = FALSE
	EndGlobalSection
EndGlobal
